
Microsoft Visual Studio Solution File, Format Version 12.00
# Visual Studio Version 17
VisualStudioVersion = 17.7.34024.191
MinimumVisualStudioVersion = 10.0.40219.1
Project("{9A19103F-16F7-4668-BE54-9A1E7A4F7556}") = "TypoDukk.Minecraft.ServerQuery.WebAPI", "Code\TypoDukk.Minecraft.ServerQuery.WebAPI\TypoDukk.Minecraft.ServerQuery.WebAPI.csproj", "{A47F1545-1B15-42C7-95F3-5247E3FB9F5A}"
EndProject
Project("{2150E333-8FDC-42A3-9474-1A3956D46DE8}") = "Solution Items", "Solution Items", "{B1C80C29-8095-45FE-ADEE-E0FD84D077C3}"
EndProject
Project("{2150E333-8FDC-42A3-9474-1A3956D46DE8}") = "Code", "Code", "{5C7B6502-1EAF-4281-AE84-FC054F9436C3}"
EndProject
Project("{2150E333-8FDC-42A3-9474-1A3956D46DE8}") = "Tests", "Tests", "{46A835F4-D29D-4866-A737-56C36457DC2C}"
EndProject
Global
	GlobalSection(SolutionConfigurationPlatforms) = preSolution
		Debug|Any CPU = Debug|Any CPU
		Release|Any CPU = Release|Any CPU
	EndGlobalSection
	GlobalSection(ProjectConfigurationPlatforms) = postSolution
		{A47F1545-1B15-42C7-95F3-5247E3FB9F5A}.Debug|Any CPU.ActiveCfg = Debug|Any CPU
		{A47F1545-1B15-42C7-95F3-5247E3FB9F5A}.Debug|Any CPU.Build.0 = Debug|Any CPU
		{A47F1545-1B15-42C7-95F3-5247E3FB9F5A}.Release|Any CPU.ActiveCfg = Release|Any CPU
		{A47F1545-1B15-42C7-95F3-5247E3FB9F5A}.Release|Any CPU.Build.0 = Release|Any CPU
	EndGlobalSection
	GlobalSection(SolutionProperties) = preSolution
		HideSolutionNode = FALSE
	EndGlobalSection
	GlobalSection(NestedProjects) = preSolution
		{A47F1545-1B15-42C7-95F3-5247E3FB9F5A} = {5C7B6502-1EAF-4281-AE84-FC054F9436C3}
	EndGlobalSection
	GlobalSection(ExtensibilityGlobals) = postSolution
		SolutionGuid = {0AF9E463-4B19-40C9-92EA-6C2F899BCD34}
	EndGlobalSection
EndGlobal
